
Microsoft Visual Studio Solution File, Format Version 12.00
# Visual Studio Version 16
VisualStudioVersion = 16.0.31410.357
MinimumVisualStudioVersion = 10.0.40219.1
Project("{FAE04EC0-301F-11D3-BF4B-00C04F79EFBC}") = "Lesson_2", "Lesson_2\Lesson_2.csproj", "{97CC39C1-4F16-40DA-AB9C-26AFF893C341}"
EndProject
Project("{2150E333-8FDC-42A3-9474-1A3956D46DE8}") = "Lesson_2", "Lesson_2", "{1CA83D39-5C1B-4128-A934-27E25A192188}"
EndProject
Global
	GlobalSection(SolutionConfigurationPlatforms) = preSolution
		Debug|Any CPU = Debug|Any CPU
		Release|Any CPU = Release|Any CPU
	EndGlobalSection
	GlobalSection(ProjectConfigurationPlatforms) = postSolution
		{97CC39C1-4F16-40DA-AB9C-26AFF893C341}.Debug|Any CPU.ActiveCfg = Debug|Any CPU
		{97CC39C1-4F16-40DA-AB9C-26AFF893C341}.Debug|Any CPU.Build.0 = Debug|Any CPU
		{97CC39C1-4F16-40DA-AB9C-26AFF893C341}.Release|Any CPU.ActiveCfg = Release|Any CPU
		{97CC39C1-4F16-40DA-AB9C-26AFF893C341}.Release|Any CPU.Build.0 = Release|Any CPU
	EndGlobalSection
	GlobalSection(SolutionProperties) = preSolution
		HideSolutionNode = FALSE
	EndGlobalSection
	GlobalSection(NestedProjects) = preSolution
		{97CC39C1-4F16-40DA-AB9C-26AFF893C341} = {1CA83D39-5C1B-4128-A934-27E25A192188}
	EndGlobalSection
	GlobalSection(ExtensibilityGlobals) = postSolution
		SolutionGuid = {610D93D5-7805-4BB1-B2AD-4E159FA8CD5F}
	EndGlobalSection
EndGlobal
